
Microsoft Visual Studio Solution File, Format Version 12.00
# Visual Studio Version 16
VisualStudioVersion = 16.0.33214.272
MinimumVisualStudioVersion = 10.0.40219.1
Project("{FAE04EC0-301F-11D3-BF4B-00C04F79EFBC}") = "SWIFT.Main", "SWIFT.Main\SWIFT.Main.csproj", "{3B5D9239-8EB9-4087-B373-9B5B5FF9D32F}"
EndProject
Project("{FAE04EC0-301F-11D3-BF4B-00C04F79EFBC}") = "SWIFT.Engine", "SWIFT.Engine\SWIFT.Engine.csproj", "{4B24D47C-753D-43F0-B42C-5E4B005C9741}"
EndProject
Project("{FAE04EC0-301F-11D3-BF4B-00C04F79EFBC}") = "SWIFT.Entities", "SWIFT.Entities\SWIFT.Entities.csproj", "{B62C8195-7107-4467-89B4-E1B7B21E62A6}"
EndProject
Global
	GlobalSection(SolutionConfigurationPlatforms) = preSolution
		Debug|Any CPU = Debug|Any CPU
		Release|Any CPU = Release|Any CPU
	EndGlobalSection
	GlobalSection(ProjectConfigurationPlatforms) = postSolution
		{3B5D9239-8EB9-4087-B373-9B5B5FF9D32F}.Debug|Any CPU.ActiveCfg = Debug|Any CPU
		{3B5D9239-8EB9-4087-B373-9B5B5FF9D32F}.Debug|Any CPU.Build.0 = Debug|Any CPU
		{3B5D9239-8EB9-4087-B373-9B5B5FF9D32F}.Release|Any CPU.ActiveCfg = Release|Any CPU
		{3B5D9239-8EB9-4087-B373-9B5B5FF9D32F}.Release|Any CPU.Build.0 = Release|Any CPU
		{4B24D47C-753D-43F0-B42C-5E4B005C9741}.Debug|Any CPU.ActiveCfg = Debug|Any CPU
		{4B24D47C-753D-43F0-B42C-5E4B005C9741}.Debug|Any CPU.Build.0 = Debug|Any CPU
		{4B24D47C-753D-43F0-B42C-5E4B005C9741}.Release|Any CPU.ActiveCfg = Release|Any CPU
		{4B24D47C-753D-43F0-B42C-5E4B005C9741}.Release|Any CPU.Build.0 = Release|Any CPU
		{B62C8195-7107-4467-89B4-E1B7B21E62A6}.Debug|Any CPU.ActiveCfg = Debug|Any CPU
		{B62C8195-7107-4467-89B4-E1B7B21E62A6}.Debug|Any CPU.Build.0 = Debug|Any CPU
		{B62C8195-7107-4467-89B4-E1B7B21E62A6}.Release|Any CPU.ActiveCfg = Release|Any CPU
		{B62C8195-7107-4467-89B4-E1B7B21E62A6}.Release|Any CPU.Build.0 = Release|Any CPU
	EndGlobalSection
	GlobalSection(SolutionProperties) = preSolution
		HideSolutionNode = FALSE
	EndGlobalSection
	GlobalSection(ExtensibilityGlobals) = postSolution
		SolutionGuid = {8F900E73-9316-4631-A0A8-CBD4D9278F9B}
	EndGlobalSection
EndGlobal
